
Microsoft Visual Studio Solution File, Format Version 12.00
# Visual Studio Version 17
VisualStudioVersion = 17.5.33502.453
MinimumVisualStudioVersion = 10.0.40219.1
Project("{FAE04EC0-301F-11D3-BF4B-00C04F79EFBC}") = "ApiTest", "ApiTest.csproj", "{280CF08D-0745-4BDD-B02E-98B75E695FA1}"
EndProject
Global
	GlobalSection(SolutionConfigurationPlatforms) = preSolution
		Debug|Any CPU = Debug|Any CPU
		Release|Any CPU = Release|Any CPU
	EndGlobalSection
	GlobalSection(ProjectConfigurationPlatforms) = postSolution
		{280CF08D-0745-4BDD-B02E-98B75E695FA1}.Debug|Any CPU.ActiveCfg = Debug|Any CPU
		{280CF08D-0745-4BDD-B02E-98B75E695FA1}.Debug|Any CPU.Build.0 = Debug|Any CPU
		{280CF08D-0745-4BDD-B02E-98B75E695FA1}.Release|Any CPU.ActiveCfg = Release|Any CPU
		{280CF08D-0745-4BDD-B02E-98B75E695FA1}.Release|Any CPU.Build.0 = Release|Any CPU
	EndGlobalSection
	GlobalSection(SolutionProperties) = preSolution
		HideSolutionNode = FALSE
	EndGlobalSection
	GlobalSection(ExtensibilityGlobals) = postSolution
		SolutionGuid = {52B6ABA3-88E2-4B77-8757-7534D8BD20F9}
	EndGlobalSection
EndGlobal
