
Microsoft Visual Studio Solution File, Format Version 12.00
# Visual Studio Version 17
VisualStudioVersion = 17.5.33502.453
MinimumVisualStudioVersion = 10.0.40219.1
Project("{9A19103F-16F7-4668-BE54-9A1E7A4F7556}") = "AgentieTurism", "AgentieTurism.csproj", "{975715CD-839E-4B91-A28E-C53040DD39CF}"
EndProject
Project("{FAE04EC0-301F-11D3-BF4B-00C04F79EFBC}") = "client", "..\client\client.csproj", "{9C08140A-B96C-407D-B3A2-487B851B3E8A}"
EndProject
Project("{FAE04EC0-301F-11D3-BF4B-00C04F79EFBC}") = "model", "..\model\model.csproj", "{C30C0834-888E-4ECE-9F29-7E22D787DA14}"
EndProject
Project("{FAE04EC0-301F-11D3-BF4B-00C04F79EFBC}") = "networking", "..\networking\networking.csproj", "{4E9EEB7B-8D20-4D32-AEFA-5231C5F0F5B2}"
EndProject
Project("{FAE04EC0-301F-11D3-BF4B-00C04F79EFBC}") = "persistence", "..\persistence\persistence.csproj", "{3AF8D04D-2502-458B-9736-3FB1CBEFE294}"
EndProject
Project("{FAE04EC0-301F-11D3-BF4B-00C04F79EFBC}") = "Server", "..\Server\Server.csproj", "{C4999C96-F1D0-437B-B3DD-C7F135CD39CA}"
EndProject
Project("{FAE04EC0-301F-11D3-BF4B-00C04F79EFBC}") = "services", "..\services\services.csproj", "{EEF40736-630A-414A-BBFA-BA916D78B593}"
EndProject
Project("{FAE04EC0-301F-11D3-BF4B-00C04F79EFBC}") = "utils", "..\utils\utils.csproj", "{D7B891B1-37A4-46C8-8FA6-2AD188834B1F}"
EndProject
Project("{FAE04EC0-301F-11D3-BF4B-00C04F79EFBC}") = "protobuf", "..\protobuf\protobuf.csproj", "{019A83D4-F02E-4EE0-A67C-5350283ED89B}"
EndProject
Global
	GlobalSection(SolutionConfigurationPlatforms) = preSolution
		Debug|Any CPU = Debug|Any CPU
		Debug|x64 = Debug|x64
		Debug|x86 = Debug|x86
		Release|Any CPU = Release|Any CPU
		Release|x64 = Release|x64
		Release|x86 = Release|x86
	EndGlobalSection
	GlobalSection(ProjectConfigurationPlatforms) = postSolution
		{975715CD-839E-4B91-A28E-C53040DD39CF}.Debug|Any CPU.ActiveCfg = Debug|Any CPU
		{975715CD-839E-4B91-A28E-C53040DD39CF}.Debug|Any CPU.Build.0 = Debug|Any CPU
		{975715CD-839E-4B91-A28E-C53040DD39CF}.Debug|x64.ActiveCfg = Debug|Any CPU
		{975715CD-839E-4B91-A28E-C53040DD39CF}.Debug|x64.Build.0 = Debug|Any CPU
		{975715CD-839E-4B91-A28E-C53040DD39CF}.Debug|x86.ActiveCfg = Debug|Any CPU
		{975715CD-839E-4B91-A28E-C53040DD39CF}.Debug|x86.Build.0 = Debug|Any CPU
		{975715CD-839E-4B91-A28E-C53040DD39CF}.Release|Any CPU.ActiveCfg = Release|Any CPU
		{975715CD-839E-4B91-A28E-C53040DD39CF}.Release|Any CPU.Build.0 = Release|Any CPU
		{975715CD-839E-4B91-A28E-C53040DD39CF}.Release|x64.ActiveCfg = Release|Any CPU
		{975715CD-839E-4B91-A28E-C53040DD39CF}.Release|x64.Build.0 = Release|Any CPU
		{975715CD-839E-4B91-A28E-C53040DD39CF}.Release|x86.ActiveCfg = Release|Any CPU
		{975715CD-839E-4B91-A28E-C53040DD39CF}.Release|x86.Build.0 = Release|Any CPU
		{9C08140A-B96C-407D-B3A2-487B851B3E8A}.Debug|Any CPU.ActiveCfg = Debug|Any CPU
		{9C08140A-B96C-407D-B3A2-487B851B3E8A}.Debug|Any CPU.Build.0 = Debug|Any CPU
		{9C08140A-B96C-407D-B3A2-487B851B3E8A}.Debug|x64.ActiveCfg = Debug|Any CPU
		{9C08140A-B96C-407D-B3A2-487B851B3E8A}.Debug|x64.Build.0 = Debug|Any CPU
		{9C08140A-B96C-407D-B3A2-487B851B3E8A}.Debug|x86.ActiveCfg = Debug|Any CPU
		{9C08140A-B96C-407D-B3A2-487B851B3E8A}.Debug|x86.Build.0 = Debug|Any CPU
		{9C08140A-B96C-407D-B3A2-487B851B3E8A}.Release|Any CPU.ActiveCfg = Release|Any CPU
		{9C08140A-B96C-407D-B3A2-487B851B3E8A}.Release|Any CPU.Build.0 = Release|Any CPU
		{9C08140A-B96C-407D-B3A2-487B851B3E8A}.Release|x64.ActiveCfg = Release|Any CPU
		{9C08140A-B96C-407D-B3A2-487B851B3E8A}.Release|x64.Build.0 = Release|Any CPU
		{9C08140A-B96C-407D-B3A2-487B851B3E8A}.Release|x86.ActiveCfg = Release|Any CPU
		{9C08140A-B96C-407D-B3A2-487B851B3E8A}.Release|x86.Build.0 = Release|Any CPU
		{C30C0834-888E-4ECE-9F29-7E22D787DA14}.Debug|Any CPU.ActiveCfg = Debug|Any CPU
		{C30C0834-888E-4ECE-9F29-7E22D787DA14}.Debug|Any CPU.Build.0 = Debug|Any CPU
		{C30C0834-888E-4ECE-9F29-7E22D787DA14}.Debug|x64.ActiveCfg = Debug|Any CPU
		{C30C0834-888E-4ECE-9F29-7E22D787DA14}.Debug|x64.Build.0 = Debug|Any CPU
		{C30C0834-888E-4ECE-9F29-7E22D787DA14}.Debug|x86.ActiveCfg = Debug|Any CPU
		{C30C0834-888E-4ECE-9F29-7E22D787DA14}.Debug|x86.Build.0 = Debug|Any CPU
		{C30C0834-888E-4ECE-9F29-7E22D787DA14}.Release|Any CPU.ActiveCfg = Release|Any CPU
		{C30C0834-888E-4ECE-9F29-7E22D787DA14}.Release|Any CPU.Build.0 = Release|Any CPU
		{C30C0834-888E-4ECE-9F29-7E22D787DA14}.Release|x64.ActiveCfg = Release|Any CPU
		{C30C0834-888E-4ECE-9F29-7E22D787DA14}.Release|x64.Build.0 = Release|Any CPU
		{C30C0834-888E-4ECE-9F29-7E22D787DA14}.Release|x86.ActiveCfg = Release|Any CPU
		{C30C0834-888E-4ECE-9F29-7E22D787DA14}.Release|x86.Build.0 = Release|Any CPU
		{4E9EEB7B-8D20-4D32-AEFA-5231C5F0F5B2}.Debug|Any CPU.ActiveCfg = Debug|Any CPU
		{4E9EEB7B-8D20-4D32-AEFA-5231C5F0F5B2}.Debug|Any CPU.Build.0 = Debug|Any CPU
		{4E9EEB7B-8D20-4D32-AEFA-5231C5F0F5B2}.Debug|x64.ActiveCfg = Debug|Any CPU
		{4E9EEB7B-8D20-4D32-AEFA-5231C5F0F5B2}.Debug|x64.Build.0 = Debug|Any CPU
		{4E9EEB7B-8D20-4D32-AEFA-5231C5F0F5B2}.Debug|x86.ActiveCfg = Debug|Any CPU
		{4E9EEB7B-8D20-4D32-AEFA-5231C5F0F5B2}.Debug|x86.Build.0 = Debug|Any CPU
		{4E9EEB7B-8D20-4D32-AEFA-5231C5F0F5B2}.Release|Any CPU.ActiveCfg = Release|Any CPU
		{4E9EEB7B-8D20-4D32-AEFA-5231C5F0F5B2}.Release|Any CPU.Build.0 = Release|Any CPU
		{4E9EEB7B-8D20-4D32-AEFA-5231C5F0F5B2}.Release|x64.ActiveCfg = Release|Any CPU
		{4E9EEB7B-8D20-4D32-AEFA-5231C5F0F5B2}.Release|x64.Build.0 = Release|Any CPU
		{4E9EEB7B-8D20-4D32-AEFA-5231C5F0F5B2}.Release|x86.ActiveCfg = Release|Any CPU
		{4E9EEB7B-8D20-4D32-AEFA-5231C5F0F5B2}.Release|x86.Build.0 = Release|Any CPU
		{3AF8D04D-2502-458B-9736-3FB1CBEFE294}.Debug|Any CPU.ActiveCfg = Debug|Any CPU
		{3AF8D04D-2502-458B-9736-3FB1CBEFE294}.Debug|Any CPU.Build.0 = Debug|Any CPU
		{3AF8D04D-2502-458B-9736-3FB1CBEFE294}.Debug|x64.ActiveCfg = Debug|Any CPU
		{3AF8D04D-2502-458B-9736-3FB1CBEFE294}.Debug|x64.Build.0 = Debug|Any CPU
		{3AF8D04D-2502-458B-9736-3FB1CBEFE294}.Debug|x86.ActiveCfg = Debug|Any CPU
		{3AF8D04D-2502-458B-9736-3FB1CBEFE294}.Debug|x86.Build.0 = Debug|Any CPU
		{3AF8D04D-2502-458B-9736-3FB1CBEFE294}.Release|Any CPU.ActiveCfg = Release|Any CPU
		{3AF8D04D-2502-458B-9736-3FB1CBEFE294}.Release|Any CPU.Build.0 = Release|Any CPU
		{3AF8D04D-2502-458B-9736-3FB1CBEFE294}.Release|x64.ActiveCfg = Release|Any CPU
		{3AF8D04D-2502-458B-9736-3FB1CBEFE294}.Release|x64.Build.0 = Release|Any CPU
		{3AF8D04D-2502-458B-9736-3FB1CBEFE294}.Release|x86.ActiveCfg = Release|Any CPU
		{3AF8D04D-2502-458B-9736-3FB1CBEFE294}.Release|x86.Build.0 = Release|Any CPU
		{C4999C96-F1D0-437B-B3DD-C7F135CD39CA}.Debug|Any CPU.ActiveCfg = Debug|Any CPU
		{C4999C96-F1D0-437B-B3DD-C7F135CD39CA}.Debug|Any CPU.Build.0 = Debug|Any CPU
		{C4999C96-F1D0-437B-B3DD-C7F135CD39CA}.Debug|x64.ActiveCfg = Debug|Any CPU
		{C4999C96-F1D0-437B-B3DD-C7F135CD39CA}.Debug|x64.Build.0 = Debug|Any CPU
		{C4999C96-F1D0-437B-B3DD-C7F135CD39CA}.Debug|x86.ActiveCfg = Debug|Any CPU
		{C4999C96-F1D0-437B-B3DD-C7F135CD39CA}.Debug|x86.Build.0 = Debug|Any CPU
		{C4999C96-F1D0-437B-B3DD-C7F135CD39CA}.Release|Any CPU.ActiveCfg = Release|Any CPU
		{C4999C96-F1D0-437B-B3DD-C7F135CD39CA}.Release|Any CPU.Build.0 = Release|Any CPU
		{C4999C96-F1D0-437B-B3DD-C7F135CD39CA}.Release|x64.ActiveCfg = Release|Any CPU
		{C4999C96-F1D0-437B-B3DD-C7F135CD39CA}.Release|x64.Build.0 = Release|Any CPU
		{C4999C96-F1D0-437B-B3DD-C7F135CD39CA}.Release|x86.ActiveCfg = Release|Any CPU
		{C4999C96-F1D0-437B-B3DD-C7F135CD39CA}.Release|x86.Build.0 = Release|Any CPU
		{EEF40736-630A-414A-BBFA-BA916D78B593}.Debug|Any CPU.ActiveCfg = Debug|Any CPU
		{EEF40736-630A-414A-BBFA-BA916D78B593}.Debug|Any CPU.Build.0 = Debug|Any CPU
		{EEF40736-630A-414A-BBFA-BA916D78B593}.Debug|x64.ActiveCfg = Debug|Any CPU
		{EEF40736-630A-414A-BBFA-BA916D78B593}.Debug|x64.Build.0 = Debug|Any CPU
		{EEF40736-630A-414A-BBFA-BA916D78B593}.Debug|x86.ActiveCfg = Debug|Any CPU
		{EEF40736-630A-414A-BBFA-BA916D78B593}.Debug|x86.Build.0 = Debug|Any CPU
		{EEF40736-630A-414A-BBFA-BA916D78B593}.Release|Any CPU.ActiveCfg = Release|Any CPU
		{EEF40736-630A-414A-BBFA-BA916D78B593}.Release|Any CPU.Build.0 = Release|Any CPU
		{EEF40736-630A-414A-BBFA-BA916D78B593}.Release|x64.ActiveCfg = Release|Any CPU
		{EEF40736-630A-414A-BBFA-BA916D78B593}.Release|x64.Build.0 = Release|Any CPU
		{EEF40736-630A-414A-BBFA-BA916D78B593}.Release|x86.ActiveCfg = Release|Any CPU
		{EEF40736-630A-414A-BBFA-BA916D78B593}.Release|x86.Build.0 = Release|Any CPU
		{D7B891B1-37A4-46C8-8FA6-2AD188834B1F}.Debug|Any CPU.ActiveCfg = Debug|Any CPU
		{D7B891B1-37A4-46C8-8FA6-2AD188834B1F}.Debug|Any CPU.Build.0 = Debug|Any CPU
		{D7B891B1-37A4-46C8-8FA6-2AD188834B1F}.Debug|x64.ActiveCfg = Debug|Any CPU
		{D7B891B1-37A4-46C8-8FA6-2AD188834B1F}.Debug|x64.Build.0 = Debug|Any CPU
		{D7B891B1-37A4-46C8-8FA6-2AD188834B1F}.Debug|x86.ActiveCfg = Debug|Any CPU
		{D7B891B1-37A4-46C8-8FA6-2AD188834B1F}.Debug|x86.Build.0 = Debug|Any CPU
		{D7B891B1-37A4-46C8-8FA6-2AD188834B1F}.Release|Any CPU.ActiveCfg = Release|Any CPU
		{D7B891B1-37A4-46C8-8FA6-2AD188834B1F}.Release|Any CPU.Build.0 = Release|Any CPU
		{D7B891B1-37A4-46C8-8FA6-2AD188834B1F}.Release|x64.ActiveCfg = Release|Any CPU
		{D7B891B1-37A4-46C8-8FA6-2AD188834B1F}.Release|x64.Build.0 = Release|Any CPU
		{D7B891B1-37A4-46C8-8FA6-2AD188834B1F}.Release|x86.ActiveCfg = Release|Any CPU
		{D7B891B1-37A4-46C8-8FA6-2AD188834B1F}.Release|x86.Build.0 = Release|Any CPU
		{019A83D4-F02E-4EE0-A67C-5350283ED89B}.Debug|Any CPU.ActiveCfg = Debug|Any CPU
		{019A83D4-F02E-4EE0-A67C-5350283ED89B}.Debug|Any CPU.Build.0 = Debug|Any CPU
		{019A83D4-F02E-4EE0-A67C-5350283ED89B}.Debug|x64.ActiveCfg = Debug|Any CPU
		{019A83D4-F02E-4EE0-A67C-5350283ED89B}.Debug|x64.Build.0 = Debug|Any CPU
		{019A83D4-F02E-4EE0-A67C-5350283ED89B}.Debug|x86.ActiveCfg = Debug|Any CPU
		{019A83D4-F02E-4EE0-A67C-5350283ED89B}.Debug|x86.Build.0 = Debug|Any CPU
		{019A83D4-F02E-4EE0-A67C-5350283ED89B}.Release|Any CPU.ActiveCfg = Release|Any CPU
		{019A83D4-F02E-4EE0-A67C-5350283ED89B}.Release|Any CPU.Build.0 = Release|Any CPU
		{019A83D4-F02E-4EE0-A67C-5350283ED89B}.Release|x64.ActiveCfg = Release|Any CPU
		{019A83D4-F02E-4EE0-A67C-5350283ED89B}.Release|x64.Build.0 = Release|Any CPU
		{019A83D4-F02E-4EE0-A67C-5350283ED89B}.Release|x86.ActiveCfg = Release|Any CPU
		{019A83D4-F02E-4EE0-A67C-5350283ED89B}.Release|x86.Build.0 = Release|Any CPU
	EndGlobalSection
	GlobalSection(SolutionProperties) = preSolution
		HideSolutionNode = FALSE
	EndGlobalSection
	GlobalSection(ExtensibilityGlobals) = postSolution
		SolutionGuid = {35882533-2606-4406-9550-A7FA0C1BC4E3}
	EndGlobalSection
EndGlobal
