
Microsoft Visual Studio Solution File, Format Version 12.00
# Visual Studio Version 17
VisualStudioVersion = 17.5.33502.453
MinimumVisualStudioVersion = 10.0.40219.1
Project("{FAE04EC0-301F-11D3-BF4B-00C04F79EFBC}") = "ProjSGBD", "ProjSGBD.csproj", "{C19106D0-C883-408C-AC3E-9FCCC2D03F4D}"
EndProject
Global
	GlobalSection(SolutionConfigurationPlatforms) = preSolution
		Debug|Any CPU = Debug|Any CPU
		Release|Any CPU = Release|Any CPU
	EndGlobalSection
	GlobalSection(ProjectConfigurationPlatforms) = postSolution
		{C19106D0-C883-408C-AC3E-9FCCC2D03F4D}.Debug|Any CPU.ActiveCfg = Debug|Any CPU
		{C19106D0-C883-408C-AC3E-9FCCC2D03F4D}.Debug|Any CPU.Build.0 = Debug|Any CPU
		{C19106D0-C883-408C-AC3E-9FCCC2D03F4D}.Release|Any CPU.ActiveCfg = Release|Any CPU
		{C19106D0-C883-408C-AC3E-9FCCC2D03F4D}.Release|Any CPU.Build.0 = Release|Any CPU
	EndGlobalSection
	GlobalSection(SolutionProperties) = preSolution
		HideSolutionNode = FALSE
	EndGlobalSection
	GlobalSection(ExtensibilityGlobals) = postSolution
		SolutionGuid = {570FC74C-616D-4145-AC6F-28238370B8E9}
	EndGlobalSection
EndGlobal
